
Microsoft Visual Studio Solution File, Format Version 12.00
# Visual Studio Version 16
VisualStudioVersion = 16.0.30114.105
MinimumVisualStudioVersion = 10.0.40219.1
Project("{FAE04EC0-301F-11D3-BF4B-00C04F79EFBC}") = "API", "api\API.csproj", "{6FEEAFAA-2F97-404A-AAC4-932A6765A5C0}"
EndProject
Project("{FAE04EC0-301F-11D3-BF4B-00C04F79EFBC}") = "Core", "Core\Core.csproj", "{2D988BA3-BFDE-4711-A2CF-FD5300A0679D}"
EndProject
Project("{FAE04EC0-301F-11D3-BF4B-00C04F79EFBC}") = "Infrastructure", "Infrastructure\Infrastructure.csproj", "{C77650DC-629E-4700-913D-A3998AA0F3D1}"
EndProject
Global
	GlobalSection(SolutionConfigurationPlatforms) = preSolution
		Debug|Any CPU = Debug|Any CPU
		Debug|x64 = Debug|x64
		Debug|x86 = Debug|x86
		Release|Any CPU = Release|Any CPU
		Release|x64 = Release|x64
		Release|x86 = Release|x86
	EndGlobalSection
	GlobalSection(SolutionProperties) = preSolution
		HideSolutionNode = FALSE
	EndGlobalSection
	GlobalSection(ProjectConfigurationPlatforms) = postSolution
		{6FEEAFAA-2F97-404A-AAC4-932A6765A5C0}.Debug|Any CPU.ActiveCfg = Debug|Any CPU
		{6FEEAFAA-2F97-404A-AAC4-932A6765A5C0}.Debug|Any CPU.Build.0 = Debug|Any CPU
		{6FEEAFAA-2F97-404A-AAC4-932A6765A5C0}.Debug|x64.ActiveCfg = Debug|Any CPU
		{6FEEAFAA-2F97-404A-AAC4-932A6765A5C0}.Debug|x64.Build.0 = Debug|Any CPU
		{6FEEAFAA-2F97-404A-AAC4-932A6765A5C0}.Debug|x86.ActiveCfg = Debug|Any CPU
		{6FEEAFAA-2F97-404A-AAC4-932A6765A5C0}.Debug|x86.Build.0 = Debug|Any CPU
		{6FEEAFAA-2F97-404A-AAC4-932A6765A5C0}.Release|Any CPU.ActiveCfg = Release|Any CPU
		{6FEEAFAA-2F97-404A-AAC4-932A6765A5C0}.Release|Any CPU.Build.0 = Release|Any CPU
		{6FEEAFAA-2F97-404A-AAC4-932A6765A5C0}.Release|x64.ActiveCfg = Release|Any CPU
		{6FEEAFAA-2F97-404A-AAC4-932A6765A5C0}.Release|x64.Build.0 = Release|Any CPU
		{6FEEAFAA-2F97-404A-AAC4-932A6765A5C0}.Release|x86.ActiveCfg = Release|Any CPU
		{6FEEAFAA-2F97-404A-AAC4-932A6765A5C0}.Release|x86.Build.0 = Release|Any CPU
		{2D988BA3-BFDE-4711-A2CF-FD5300A0679D}.Debug|Any CPU.ActiveCfg = Debug|Any CPU
		{2D988BA3-BFDE-4711-A2CF-FD5300A0679D}.Debug|Any CPU.Build.0 = Debug|Any CPU
		{2D988BA3-BFDE-4711-A2CF-FD5300A0679D}.Debug|x64.ActiveCfg = Debug|Any CPU
		{2D988BA3-BFDE-4711-A2CF-FD5300A0679D}.Debug|x64.Build.0 = Debug|Any CPU
		{2D988BA3-BFDE-4711-A2CF-FD5300A0679D}.Debug|x86.ActiveCfg = Debug|Any CPU
		{2D988BA3-BFDE-4711-A2CF-FD5300A0679D}.Debug|x86.Build.0 = Debug|Any CPU
		{2D988BA3-BFDE-4711-A2CF-FD5300A0679D}.Release|Any CPU.ActiveCfg = Release|Any CPU
		{2D988BA3-BFDE-4711-A2CF-FD5300A0679D}.Release|Any CPU.Build.0 = Release|Any CPU
		{2D988BA3-BFDE-4711-A2CF-FD5300A0679D}.Release|x64.ActiveCfg = Release|Any CPU
		{2D988BA3-BFDE-4711-A2CF-FD5300A0679D}.Release|x64.Build.0 = Release|Any CPU
		{2D988BA3-BFDE-4711-A2CF-FD5300A0679D}.Release|x86.ActiveCfg = Release|Any CPU
		{2D988BA3-BFDE-4711-A2CF-FD5300A0679D}.Release|x86.Build.0 = Release|Any CPU
		{C77650DC-629E-4700-913D-A3998AA0F3D1}.Debug|Any CPU.ActiveCfg = Debug|Any CPU
		{C77650DC-629E-4700-913D-A3998AA0F3D1}.Debug|Any CPU.Build.0 = Debug|Any CPU
		{C77650DC-629E-4700-913D-A3998AA0F3D1}.Debug|x64.ActiveCfg = Debug|Any CPU
		{C77650DC-629E-4700-913D-A3998AA0F3D1}.Debug|x64.Build.0 = Debug|Any CPU
		{C77650DC-629E-4700-913D-A3998AA0F3D1}.Debug|x86.ActiveCfg = Debug|Any CPU
		{C77650DC-629E-4700-913D-A3998AA0F3D1}.Debug|x86.Build.0 = Debug|Any CPU
		{C77650DC-629E-4700-913D-A3998AA0F3D1}.Release|Any CPU.ActiveCfg = Release|Any CPU
		{C77650DC-629E-4700-913D-A3998AA0F3D1}.Release|Any CPU.Build.0 = Release|Any CPU
		{C77650DC-629E-4700-913D-A3998AA0F3D1}.Release|x64.ActiveCfg = Release|Any CPU
		{C77650DC-629E-4700-913D-A3998AA0F3D1}.Release|x64.Build.0 = Release|Any CPU
		{C77650DC-629E-4700-913D-A3998AA0F3D1}.Release|x86.ActiveCfg = Release|Any CPU
		{C77650DC-629E-4700-913D-A3998AA0F3D1}.Release|x86.Build.0 = Release|Any CPU
	EndGlobalSection
EndGlobal
